
Microsoft Visual Studio Solution File, Format Version 12.00
# Visual Studio 2012
Project("{FAE04EC0-301F-11D3-BF4B-00C04F79EFBC}") = "Microsoft.AspNet.SignalR.ServiceBus", "Microsoft.AspNet.SignalR.ServiceBus.csproj", "{4DB635F7-070D-49CE-BDF6-8A08692AA273}"
EndProject
Global
	GlobalSection(SolutionConfigurationPlatforms) = preSolution
		Debug|Any CPU = Debug|Any CPU
		Release|Any CPU = Release|Any CPU
	EndGlobalSection
	GlobalSection(ProjectConfigurationPlatforms) = postSolution
		{4DB635F7-070D-49CE-BDF6-8A08692AA273}.Debug|Any CPU.ActiveCfg = Debug|Any CPU
		{4DB635F7-070D-49CE-BDF6-8A08692AA273}.Debug|Any CPU.Build.0 = Debug|Any CPU
		{4DB635F7-070D-49CE-BDF6-8A08692AA273}.Release|Any CPU.ActiveCfg = Release|Any CPU
		{4DB635F7-070D-49CE-BDF6-8A08692AA273}.Release|Any CPU.Build.0 = Release|Any CPU
	EndGlobalSection
	GlobalSection(SolutionProperties) = preSolution
		HideSolutionNode = FALSE
	EndGlobalSection
EndGlobal
